# This file is generated by running "yarn install" inside your project.
# Manual changes might be lost - proceed with caution!

__metadata:
  version: 8
  cacheKey: 10c0

"jiti@npm:^2.5.1":
  version: 2.5.1
  resolution: "jiti@npm:2.5.1"
  bin:
    jiti: lib/jiti-cli.mjs
  checksum: 10c0/f0a38d7d8842cb35ffe883038166aa2d52ffd21f1a4fc839ae4076ea7301c22a1f11373f8fc52e2667de7acde8f3e092835620dd6f72a0fbe9296b268b0874bb
  languageName: node
  linkType: hard

"repro-jiti-call-stack@workspace:.":
  version: 0.0.0-use.local
  resolution: "repro-jiti-call-stack@workspace:."
  dependencies:
    jiti: "npm:^2.5.1"
  languageName: unknown
  linkType: soft
